
Microsoft Visual Studio Solution File, Format Version 12.00
# Visual Studio Version 17
VisualStudioVersion = 17.1.32414.318
MinimumVisualStudioVersion = 10.0.40219.1
Project("{9A19103F-16F7-4668-BE54-9A1E7A4F7556}") = "AspnetCoreMvc", "AspnetCoreMvc\AspnetCoreMvc.csproj", "{67FA5BB1-E9DA-445B-96B0-F0950E69A461}"
EndProject
Project("{2150E333-8FDC-42A3-9474-1A3956D46DE8}") = "Solution Items", "Solution Items", "{8BBF0FB9-2172-4456-AAA7-7781AEB1C21C}"
	ProjectSection(SolutionItems) = preProject
		.gitignore = .gitignore
		README.md = README.md
	EndProjectSection
EndProject
Project("{9A19103F-16F7-4668-BE54-9A1E7A4F7556}") = "Soukoku.AspNetCore.ViteIntegration", "ViteIntegration\Soukoku.AspNetCore.ViteIntegration.csproj", "{EAF339CC-FE92-4237-BD9D-D04E30B24864}"
EndProject
Global
	GlobalSection(SolutionConfigurationPlatforms) = preSolution
		Debug|Any CPU = Debug|Any CPU
		Release|Any CPU = Release|Any CPU
	EndGlobalSection
	GlobalSection(ProjectConfigurationPlatforms) = postSolution
		{67FA5BB1-E9DA-445B-96B0-F0950E69A461}.Debug|Any CPU.ActiveCfg = Debug|Any CPU
		{67FA5BB1-E9DA-445B-96B0-F0950E69A461}.Debug|Any CPU.Build.0 = Debug|Any CPU
		{67FA5BB1-E9DA-445B-96B0-F0950E69A461}.Release|Any CPU.ActiveCfg = Release|Any CPU
		{67FA5BB1-E9DA-445B-96B0-F0950E69A461}.Release|Any CPU.Build.0 = Release|Any CPU
		{EAF339CC-FE92-4237-BD9D-D04E30B24864}.Debug|Any CPU.ActiveCfg = Debug|Any CPU
		{EAF339CC-FE92-4237-BD9D-D04E30B24864}.Debug|Any CPU.Build.0 = Debug|Any CPU
		{EAF339CC-FE92-4237-BD9D-D04E30B24864}.Release|Any CPU.ActiveCfg = Release|Any CPU
		{EAF339CC-FE92-4237-BD9D-D04E30B24864}.Release|Any CPU.Build.0 = Release|Any CPU
	EndGlobalSection
	GlobalSection(SolutionProperties) = preSolution
		HideSolutionNode = FALSE
	EndGlobalSection
	GlobalSection(ExtensibilityGlobals) = postSolution
		SolutionGuid = {CDD88CDC-3470-4C2F-9442-862DAD96AA36}
	EndGlobalSection
EndGlobal
